// !$*UTF8*$!
{
	archiveVersion = 1;
	classes = {
	};
	objectVersion = 52;
	objects = {

/* Begin PBXBuildFile section */
		471521A825398C2300FEF9F3 /* main.swift in Sources */ = {isa = PBXBuildFile; fileRef = 471521A725398C2300FEF9F3 /* main.swift */; };
		471521B125398C5000FEF9F3 /* SpotifyAPI in Frameworks */ = {isa = PBXBuildFile; productRef = 471521B025398C5000FEF9F3 /* SpotifyAPI */; };
		471521B525398C7500FEF9F3 /* AuthorizationUtilities.swift in Sources */ = {isa = PBXBuildFile; fileRef = 471521B425398C7500FEF9F3 /* AuthorizationUtilities.swift */; };
		E076C9E7290B4D1F000E4603 /* PlaylistStruct.swift in Sources */ = {isa = PBXBuildFile; fileRef = E076C9E6290B4D1F000E4603 /* PlaylistStruct.swift */; };
		E076C9E9290B4D42000E4603 /* TrackFeaturesStruct.swift in Sources */ = {isa = PBXBuildFile; fileRef = E076C9E8290B4D42000E4603 /* TrackFeaturesStruct.swift */; };
		E076C9EB290B4F1C000E4603 /* TrackStruct.swift in Sources */ = {isa = PBXBuildFile; fileRef = E076C9EA290B4F1B000E4603 /* TrackStruct.swift */; };
/* End PBXBuildFile section */

/* Begin PBXCopyFilesBuildPhase section */
		471521A225398C2300FEF9F3 /* CopyFiles */ = {
			isa = PBXCopyFilesBuildPhase;
			buildActionMask = 2147483647;
			dstPath = /usr/share/man/man1/;
			dstSubfolderSpec = 0;
			files = (
			);
			runOnlyForDeploymentPostprocessing = 1;
		};
/* End PBXCopyFilesBuildPhase section */

/* Begin PBXFileReference section */
		471521A425398C2300FEF9F3 /* SpotifyAPIExamples */ = {isa = PBXFileReference; explicitFileType = "compiled.mach-o.executable"; includeInIndex = 0; path = SpotifyAPIExamples; sourceTree = BUILT_PRODUCTS_DIR; };
		471521A725398C2300FEF9F3 /* main.swift */ = {isa = PBXFileReference; lastKnownFileType = sourcecode.swift; path = main.swift; sourceTree = "<group>"; };
		471521B425398C7500FEF9F3 /* AuthorizationUtilities.swift */ = {isa = PBXFileReference; lastKnownFileType = sourcecode.swift; path = AuthorizationUtilities.swift; sourceTree = "<group>"; };
		E076C9E6290B4D1F000E4603 /* PlaylistStruct.swift */ = {isa = PBXFileReference; lastKnownFileType = sourcecode.swift; path = PlaylistStruct.swift; sourceTree = "<group>"; };
		E076C9E8290B4D42000E4603 /* TrackFeaturesStruct.swift */ = {isa = PBXFileReference; lastKnownFileType = sourcecode.swift; path = TrackFeaturesStruct.swift; sourceTree = "<group>"; };
		E076C9EA290B4F1B000E4603 /* TrackStruct.swift */ = {isa = PBXFileReference; lastKnownFileType = sourcecode.swift; path = TrackStruct.swift; sourceTree = "<group>"; };
/* End PBXFileReference section */

/* Begin PBXFrameworksBuildPhase section */
		471521A125398C2300FEF9F3 /* Frameworks */ = {
			isa = PBXFrameworksBuildPhase;
			buildActionMask = 2147483647;
			files = (
				471521B125398C5000FEF9F3 /* SpotifyAPI in Frameworks */,
			);
			runOnlyForDeploymentPostprocessing = 0;
		};
/* End PBXFrameworksBuildPhase section */

/* Begin PBXGroup section */
		4715219B25398C2200FEF9F3 = {
			isa = PBXGroup;
			children = (
				471521A625398C2300FEF9F3 /* SpotifyAPIExamples */,
				471521A525398C2300FEF9F3 /* Products */,
				E01D8EEA290A0C4400152FB5 /* Frameworks */,
			);
			sourceTree = "<group>";
		};
		471521A525398C2300FEF9F3 /* Products */ = {
			isa = PBXGroup;
			children = (
				471521A425398C2300FEF9F3 /* SpotifyAPIExamples */,
			);
			name = Products;
			sourceTree = "<group>";
		};
		471521A625398C2300FEF9F3 /* SpotifyAPIExamples */ = {
			isa = PBXGroup;
			children = (
				471521B425398C7500FEF9F3 /* AuthorizationUtilities.swift */,
				471521A725398C2300FEF9F3 /* main.swift */,
				E076C9E6290B4D1F000E4603 /* PlaylistStruct.swift */,
				E076C9E8290B4D42000E4603 /* TrackFeaturesStruct.swift */,
				E076C9EA290B4F1B000E4603 /* TrackStruct.swift */,
			);
			path = SpotifyAPIExamples;
			sourceTree = "<group>";
		};
		E01D8EEA290A0C4400152FB5 /* Frameworks */ = {
			isa = PBXGroup;
			children = (
			);
			name = Frameworks;
			sourceTree = "<group>";
		};
/* End PBXGroup section */

/* Begin PBXNativeTarget section */
		471521A325398C2300FEF9F3 /* SpotifyAPIExamples */ = {
			isa = PBXNativeTarget;
			buildConfigurationList = 471521AB25398C2300FEF9F3 /* Build configuration list for PBXNativeTarget "SpotifyAPIExamples" */;
			buildPhases = (
				471521A025398C2300FEF9F3 /* Sources */,
				471521A125398C2300FEF9F3 /* Frameworks */,
				471521A225398C2300FEF9F3 /* CopyFiles */,
			);
			buildRules = (
			);
			dependencies = (
			);
			name = SpotifyAPIExamples;
			packageProductDependencies = (
				471521B025398C5000FEF9F3 /* SpotifyAPI */,
			);
			productName = SpotifyAPIExamples;
			productReference = 471521A425398C2300FEF9F3 /* SpotifyAPIExamples */;
			productType = "com.apple.product-type.tool";
		};
/* End PBXNativeTarget section */

/* Begin PBXProject section */
		4715219C25398C2200FEF9F3 /* Project object */ = {
			isa = PBXProject;
			attributes = {
				LastSwiftUpdateCheck = 1200;
				LastUpgradeCheck = 1400;
				TargetAttributes = {
					471521A325398C2300FEF9F3 = {
						CreatedOnToolsVersion = 12.0.1;
					};
				};
			};
			buildConfigurationList = 4715219F25398C2200FEF9F3 /* Build configuration list for PBXProject "SpotifyAPIExamples" */;
			compatibilityVersion = "Xcode 9.3";
			developmentRegion = en;
			hasScannedForEncodings = 0;
			knownRegions = (
				en,
				Base,
			);
			mainGroup = 4715219B25398C2200FEF9F3;
			packageReferences = (
				471521AF25398C5000FEF9F3 /* XCRemoteSwiftPackageReference "SpotifyAPI" */,
			);
			productRefGroup = 471521A525398C2300FEF9F3 /* Products */;
			projectDirPath = "";
			projectRoot = "";
			targets = (
				471521A325398C2300FEF9F3 /* SpotifyAPIExamples */,
			);
		};
/* End PBXProject section */

/* Begin PBXSourcesBuildPhase section */
		471521A025398C2300FEF9F3 /* Sources */ = {
			isa = PBXSourcesBuildPhase;
			buildActionMask = 2147483647;
			files = (
				471521A825398C2300FEF9F3 /* main.swift in Sources */,
				E076C9E7290B4D1F000E4603 /* PlaylistStruct.swift in Sources */,
				E076C9EB290B4F1C000E4603 /* TrackStruct.swift in Sources */,
				E076C9E9290B4D42000E4603 /* TrackFeaturesStruct.swift in Sources */,
				471521B525398C7500FEF9F3 /* AuthorizationUtilities.swift in Sources */,
			);
			runOnlyForDeploymentPostprocessing = 0;
		};
/* End PBXSourcesBuildPhase section */

/* Begin XCBuildConfiguration section */
		471521A925398C2300FEF9F3 /* Debug */ = {
			isa = XCBuildConfiguration;
			buildSettings = {
				ALWAYS_SEARCH_USER_PATHS = NO;
				CLANG_ANALYZER_NONNULL = YES;
				CLANG_ANALYZER_NUMBER_OBJECT_CONVERSION = YES_AGGRESSIVE;
				CLANG_CXX_LANGUAGE_STANDARD = "gnu++14";
				CLANG_CXX_LIBRARY = "libc++";
				CLANG_ENABLE_MODULES = YES;
				CLANG_ENABLE_OBJC_ARC = YES;
				CLANG_ENABLE_OBJC_WEAK = YES;
				CLANG_WARN_BLOCK_CAPTURE_AUTORELEASING = YES;
				CLANG_WARN_BOOL_CONVERSION = YES;
				CLANG_WARN_COMMA = YES;
				CLANG_WARN_CONSTANT_CONVERSION = YES;
				CLANG_WARN_DEPRECATED_OBJC_IMPLEMENTATIONS = YES;
				CLANG_WARN_DIRECT_OBJC_ISA_USAGE = YES_ERROR;
				CLANG_WARN_DOCUMENTATION_COMMENTS = YES;
				CLANG_WARN_EMPTY_BODY = YES;
				CLANG_WARN_ENUM_CONVERSION = YES;
				CLANG_WARN_INFINITE_RECURSION = YES;
				CLANG_WARN_INT_CONVERSION = YES;
				CLANG_WARN_NON_LITERAL_NULL_CONVERSION = YES;
				CLANG_WARN_OBJC_IMPLICIT_RETAIN_SELF = YES;
				CLANG_WARN_OBJC_LITERAL_CONVERSION = YES;
				CLANG_WARN_OBJC_ROOT_CLASS = YES_ERROR;
				CLANG_WARN_QUOTED_INCLUDE_IN_FRAMEWORK_HEADER = YES;
				CLANG_WARN_RANGE_LOOP_ANALYSIS = YES;
				CLANG_WARN_STRICT_PROTOTYPES = YES;
				CLANG_WARN_SUSPICIOUS_MOVE = YES;
				CLANG_WARN_UNGUARDED_AVAILABILITY = YES_AGGRESSIVE;
				CLANG_WARN_UNREACHABLE_CODE = YES;
				CLANG_WARN__DUPLICATE_METHOD_MATCH = YES;
				COPY_PHASE_STRIP = NO;
				DEAD_CODE_STRIPPING = YES;
				DEBUG_INFORMATION_FORMAT = dwarf;
				ENABLE_STRICT_OBJC_MSGSEND = YES;
				ENABLE_TESTABILITY = YES;
				GCC_C_LANGUAGE_STANDARD = gnu11;
				GCC_DYNAMIC_NO_PIC = NO;
				GCC_NO_COMMON_BLOCKS = YES;
				GCC_OPTIMIZATION_LEVEL = 0;
				GCC_PREPROCESSOR_DEFINITIONS = (
					"DEBUG=1",
					"$(inherited)",
				);
				GCC_WARN_64_TO_32_BIT_CONVERSION = YES;
				GCC_WARN_ABOUT_RETURN_TYPE = YES_ERROR;
				GCC_WARN_UNDECLARED_SELECTOR = YES;
				GCC_WARN_UNINITIALIZED_AUTOS = YES_AGGRESSIVE;
				GCC_WARN_UNUSED_FUNCTION = YES;
				GCC_WARN_UNUSED_VARIABLE = YES;
				MACOSX_DEPLOYMENT_TARGET = 10.15;
				MTL_ENABLE_DEBUG_INFO = INCLUDE_SOURCE;
				MTL_FAST_MATH = YES;
				ONLY_ACTIVE_ARCH = YES;
				SDKROOT = macosx;
				SWIFT_ACTIVE_COMPILATION_CONDITIONS = DEBUG;
				SWIFT_OPTIMIZATION_LEVEL = "-Onone";
			};
			name = Debug;
		};
		471521AA25398C2300FEF9F3 /* Release */ = {
			isa = XCBuildConfiguration;
			buildSettings = {
				ALWAYS_SEARCH_USER_PATHS = NO;
				CLANG_ANALYZER_NONNULL = YES;
				CLANG_ANALYZER_NUMBER_OBJECT_CONVERSION = YES_AGGRESSIVE;
				CLANG_CXX_LANGUAGE_STANDARD = "gnu++14";
				CLANG_CXX_LIBRARY = "libc++";
				CLANG_ENABLE_MODULES = YES;
				CLANG_ENABLE_OBJC_ARC = YES;
				CLANG_ENABLE_OBJC_WEAK = YES;
				CLANG_WARN_BLOCK_CAPTURE_AUTORELEASING = YES;
				CLANG_WARN_BOOL_CONVERSION = YES;
				CLANG_WARN_COMMA = YES;
				CLANG_WARN_CONSTANT_CONVERSION = YES;
				CLANG_WARN_DEPRECATED_OBJC_IMPLEMENTATIONS = YES;
				CLANG_WARN_DIRECT_OBJC_ISA_USAGE = YES_ERROR;
				CLANG_WARN_DOCUMENTATION_COMMENTS = YES;
				CLANG_WARN_EMPTY_BODY = YES;
				CLANG_WARN_ENUM_CONVERSION = YES;
				CLANG_WARN_INFINITE_RECURSION = YES;
				CLANG_WARN_INT_CONVERSION = YES;
				CLANG_WARN_NON_LITERAL_NULL_CONVERSION = YES;
				CLANG_WARN_OBJC_IMPLICIT_RETAIN_SELF = YES;
				CLANG_WARN_OBJC_LITERAL_CONVERSION = YES;
				CLANG_WARN_OBJC_ROOT_CLASS = YES_ERROR;
				CLANG_WARN_QUOTED_INCLUDE_IN_FRAMEWORK_HEADER = YES;
				CLANG_WARN_RANGE_LOOP_ANALYSIS = YES;
				CLANG_WARN_STRICT_PROTOTYPES = YES;
				CLANG_WARN_SUSPICIOUS_MOVE = YES;
				CLANG_WARN_UNGUARDED_AVAILABILITY = YES_AGGRESSIVE;
				CLANG_WARN_UNREACHABLE_CODE = YES;
				CLANG_WARN__DUPLICATE_METHOD_MATCH = YES;
				COPY_PHASE_STRIP = NO;
				DEAD_CODE_STRIPPING = YES;
				DEBUG_INFORMATION_FORMAT = "dwarf-with-dsym";
				ENABLE_NS_ASSERTIONS = NO;
				ENABLE_STRICT_OBJC_MSGSEND = YES;
				GCC_C_LANGUAGE_STANDARD = gnu11;
				GCC_NO_COMMON_BLOCKS = YES;
				GCC_WARN_64_TO_32_BIT_CONVERSION = YES;
				GCC_WARN_ABOUT_RETURN_TYPE = YES_ERROR;
				GCC_WARN_UNDECLARED_SELECTOR = YES;
				GCC_WARN_UNINITIALIZED_AUTOS = YES_AGGRESSIVE;
				GCC_WARN_UNUSED_FUNCTION = YES;
				GCC_WARN_UNUSED_VARIABLE = YES;
				MACOSX_DEPLOYMENT_TARGET = 10.15;
				MTL_ENABLE_DEBUG_INFO = NO;
				MTL_FAST_MATH = YES;
				SDKROOT = macosx;
				SWIFT_COMPILATION_MODE = wholemodule;
				SWIFT_OPTIMIZATION_LEVEL = "-O";
			};
			name = Release;
		};
		471521AC25398C2300FEF9F3 /* Debug */ = {
			isa = XCBuildConfiguration;
			buildSettings = {
				CODE_SIGN_IDENTITY = "Apple Development";
				CODE_SIGN_STYLE = Automatic;
				DEAD_CODE_STRIPPING = YES;
				DEVELOPMENT_TEAM = PXK4UD2AGP;
				ENABLE_HARDENED_RUNTIME = YES;
				PRODUCT_NAME = "$(TARGET_NAME)";
				SWIFT_VERSION = 5.0;
			};
			name = Debug;
		};
		471521AD25398C2300FEF9F3 /* Release */ = {
			isa = XCBuildConfiguration;
			buildSettings = {
				CODE_SIGN_IDENTITY = "Apple Development";
				CODE_SIGN_STYLE = Automatic;
				DEAD_CODE_STRIPPING = YES;
				DEVELOPMENT_TEAM = PXK4UD2AGP;
				ENABLE_HARDENED_RUNTIME = YES;
				PRODUCT_NAME = "$(TARGET_NAME)";
				SWIFT_VERSION = 5.0;
			};
			name = Release;
		};
/* End XCBuildConfiguration section */

/* Begin XCConfigurationList section */
		4715219F25398C2200FEF9F3 /* Build configuration list for PBXProject "SpotifyAPIExamples" */ = {
			isa = XCConfigurationList;
			buildConfigurations = (
				471521A925398C2300FEF9F3 /* Debug */,
				471521AA25398C2300FEF9F3 /* Release */,
			);
			defaultConfigurationIsVisible = 0;
			defaultConfigurationName = Release;
		};
		471521AB25398C2300FEF9F3 /* Build configuration list for PBXNativeTarget "SpotifyAPIExamples" */ = {
			isa = XCConfigurationList;
			buildConfigurations = (
				471521AC25398C2300FEF9F3 /* Debug */,
				471521AD25398C2300FEF9F3 /* Release */,
			);
			defaultConfigurationIsVisible = 0;
			defaultConfigurationName = Release;
		};
/* End XCConfigurationList section */

/* Begin XCRemoteSwiftPackageReference section */
		471521AF25398C5000FEF9F3 /* XCRemoteSwiftPackageReference "SpotifyAPI" */ = {
			isa = XCRemoteSwiftPackageReference;
			repositoryURL = "https://github.com/Peter-Schorn/SpotifyAPI.git";
			requirement = {
				kind = upToNextMajorVersion;
				minimumVersion = 2.0.0;
			};
		};
/* End XCRemoteSwiftPackageReference section */

/* Begin XCSwiftPackageProductDependency section */
		471521B025398C5000FEF9F3 /* SpotifyAPI */ = {
			isa = XCSwiftPackageProductDependency;
			package = 471521AF25398C5000FEF9F3 /* XCRemoteSwiftPackageReference "SpotifyAPI" */;
			productName = SpotifyAPI;
		};
/* End XCSwiftPackageProductDependency section */
	};
	rootObject = 4715219C25398C2200FEF9F3 /* Project object */;
}
